// !$*UTF8*$!
{
	archiveVersion = 1;
	classes = {
	};
	objectVersion = 50;
	objects = {

/* Begin PBXBuildFile section */
		A74B821326AB0F7C002459F6 /* ObjectAnimated.m in Sources */ = {isa = PBXBuildFile; fileRef = A74B821126AB0F7C002459F6 /* ObjectAnimated.m */; };
		A74B821726AB1058002459F6 /* CelebrationAnimator.h in Headers */ = {isa = PBXBuildFile; fileRef = A74B821526AB1058002459F6 /* CelebrationAnimator.h */; settings = {ATTRIBUTES = (Public, ); }; };
		A74B821826AB1058002459F6 /* CelebrationAnimator.m in Sources */ = {isa = PBXBuildFile; fileRef = A74B821626AB1058002459F6 /* CelebrationAnimator.m */; };
		A74B821C26AEEF6C002459F6 /* AnimatorClass.h in Headers */ = {isa = PBXBuildFile; fileRef = A74B821A26AEEF6C002459F6 /* AnimatorClass.h */; settings = {ATTRIBUTES = (Public, ); }; };
		A74B821D26AEEF6C002459F6 /* AnimatorClass.m in Sources */ = {isa = PBXBuildFile; fileRef = A74B821B26AEEF6C002459F6 /* AnimatorClass.m */; };
		A74B822126AEF032002459F6 /* DrawingClass.h in Headers */ = {isa = PBXBuildFile; fileRef = A74B821F26AEF032002459F6 /* DrawingClass.h */; settings = {ATTRIBUTES = (Public, ); }; };
		A74B822226AEF032002459F6 /* DrawingClass.m in Sources */ = {isa = PBXBuildFile; fileRef = A74B822026AEF032002459F6 /* DrawingClass.m */; };
		A7D0FF6926AEFEC000963C74 /* CelebrationAnimatorFramework.framework in Frameworks */ = {isa = PBXBuildFile; fileRef = A7FB50F326A844FD00D20F0F /* CelebrationAnimatorFramework.framework */; };
		A7D0FF6A26AF001800963C74 /* ObjectAnimated.h in Headers */ = {isa = PBXBuildFile; fileRef = A74B821026AB0F7C002459F6 /* ObjectAnimated.h */; settings = {ATTRIBUTES = (Public, ); }; };
		A7D0FF6B26AF008000963C74 /* CelebrationAnimatorFramework.h in Sources */ = {isa = PBXBuildFile; fileRef = A7FB50F526A844FD00D20F0F /* CelebrationAnimatorFramework.h */; };
		A7FB50D526A843CA00D20F0F /* AppDelegate.m in Sources */ = {isa = PBXBuildFile; fileRef = A7FB50D426A843CA00D20F0F /* AppDelegate.m */; };
		A7FB50D826A843CA00D20F0F /* SceneDelegate.m in Sources */ = {isa = PBXBuildFile; fileRef = A7FB50D726A843CA00D20F0F /* SceneDelegate.m */; };
		A7FB50DB26A843CA00D20F0F /* ViewController.m in Sources */ = {isa = PBXBuildFile; fileRef = A7FB50DA26A843CA00D20F0F /* ViewController.m */; };
		A7FB50DE26A843CA00D20F0F /* Main.storyboard in Resources */ = {isa = PBXBuildFile; fileRef = A7FB50DC26A843CA00D20F0F /* Main.storyboard */; };
		A7FB50E026A843CB00D20F0F /* Assets.xcassets in Resources */ = {isa = PBXBuildFile; fileRef = A7FB50DF26A843CB00D20F0F /* Assets.xcassets */; };
		A7FB50E326A843CB00D20F0F /* LaunchScreen.storyboard in Resources */ = {isa = PBXBuildFile; fileRef = A7FB50E126A843CB00D20F0F /* LaunchScreen.storyboard */; };
		A7FB50E626A843CB00D20F0F /* main.m in Sources */ = {isa = PBXBuildFile; fileRef = A7FB50E526A843CB00D20F0F /* main.m */; };
		A7FB50F726A844FD00D20F0F /* CelebrationAnimatorFramework.h in Headers */ = {isa = PBXBuildFile; fileRef = A7FB50F526A844FD00D20F0F /* CelebrationAnimatorFramework.h */; settings = {ATTRIBUTES = (Public, ); }; };
		A7FB50FB26A844FD00D20F0F /* CelebrationAnimatorFramework.framework in Embed Frameworks */ = {isa = PBXBuildFile; fileRef = A7FB50F326A844FD00D20F0F /* CelebrationAnimatorFramework.framework */; settings = {ATTRIBUTES = (CodeSignOnCopy, RemoveHeadersOnCopy, ); }; };
		A7FB510226A845A100D20F0F /* HelloLogger.h in Headers */ = {isa = PBXBuildFile; fileRef = A7FB510026A845A100D20F0F /* HelloLogger.h */; settings = {ATTRIBUTES = (Public, ); }; };
		A7FB510326A845A100D20F0F /* HelloLogger.m in Sources */ = {isa = PBXBuildFile; fileRef = A7FB510126A845A100D20F0F /* HelloLogger.m */; };
		A7FB510B26A849BD00D20F0F /* AppDelegate.swift in Sources */ = {isa = PBXBuildFile; fileRef = A7FB510A26A849BD00D20F0F /* AppDelegate.swift */; };
		A7FB510D26A849BD00D20F0F /* SceneDelegate.swift in Sources */ = {isa = PBXBuildFile; fileRef = A7FB510C26A849BD00D20F0F /* SceneDelegate.swift */; };
		A7FB510F26A849BD00D20F0F /* ViewController.swift in Sources */ = {isa = PBXBuildFile; fileRef = A7FB510E26A849BD00D20F0F /* ViewController.swift */; };
		A7FB511226A849BD00D20F0F /* Main.storyboard in Resources */ = {isa = PBXBuildFile; fileRef = A7FB511026A849BD00D20F0F /* Main.storyboard */; };
		A7FB511426A849BF00D20F0F /* Assets.xcassets in Resources */ = {isa = PBXBuildFile; fileRef = A7FB511326A849BF00D20F0F /* Assets.xcassets */; };
		A7FB511726A849BF00D20F0F /* LaunchScreen.storyboard in Resources */ = {isa = PBXBuildFile; fileRef = A7FB511526A849BF00D20F0F /* LaunchScreen.storyboard */; };
/* End PBXBuildFile section */

/* Begin PBXContainerItemProxy section */
		A7D0FF6626AEFEB800963C74 /* PBXContainerItemProxy */ = {
			isa = PBXContainerItemProxy;
			containerPortal = A7FB50C826A843CA00D20F0F /* Project object */;
			proxyType = 1;
			remoteGlobalIDString = A7FB50F226A844FD00D20F0F;
			remoteInfo = CelebrationAnimatorFramework;
		};
/* End PBXContainerItemProxy section */

/* Begin PBXCopyFilesBuildPhase section */
		A7FB50FF26A844FD00D20F0F /* Embed Frameworks */ = {
			isa = PBXCopyFilesBuildPhase;
			buildActionMask = 2147483647;
			dstPath = "";
			dstSubfolderSpec = 10;
			files = (
				A7FB50FB26A844FD00D20F0F /* CelebrationAnimatorFramework.framework in Embed Frameworks */,
			);
			name = "Embed Frameworks";
			runOnlyForDeploymentPostprocessing = 0;
		};
/* End PBXCopyFilesBuildPhase section */

/* Begin PBXFileReference section */
		A74B821026AB0F7C002459F6 /* ObjectAnimated.h */ = {isa = PBXFileReference; fileEncoding = 4; lastKnownFileType = sourcecode.c.h; path = ObjectAnimated.h; sourceTree = "<group>"; };
		A74B821126AB0F7C002459F6 /* ObjectAnimated.m */ = {isa = PBXFileReference; fileEncoding = 4; lastKnownFileType = sourcecode.c.objc; path = ObjectAnimated.m; sourceTree = "<group>"; };
		A74B821526AB1058002459F6 /* CelebrationAnimator.h */ = {isa = PBXFileReference; fileEncoding = 4; lastKnownFileType = sourcecode.c.h; path = CelebrationAnimator.h; sourceTree = "<group>"; };
		A74B821626AB1058002459F6 /* CelebrationAnimator.m */ = {isa = PBXFileReference; fileEncoding = 4; lastKnownFileType = sourcecode.c.objc; path = CelebrationAnimator.m; sourceTree = "<group>"; };
		A74B821A26AEEF6C002459F6 /* AnimatorClass.h */ = {isa = PBXFileReference; lastKnownFileType = sourcecode.c.h; path = AnimatorClass.h; sourceTree = "<group>"; };
		A74B821B26AEEF6C002459F6 /* AnimatorClass.m */ = {isa = PBXFileReference; lastKnownFileType = sourcecode.c.objc; path = AnimatorClass.m; sourceTree = "<group>"; };
		A74B821F26AEF032002459F6 /* DrawingClass.h */ = {isa = PBXFileReference; lastKnownFileType = sourcecode.c.h; path = DrawingClass.h; sourceTree = "<group>"; };
		A74B822026AEF032002459F6 /* DrawingClass.m */ = {isa = PBXFileReference; lastKnownFileType = sourcecode.c.objc; path = DrawingClass.m; sourceTree = "<group>"; };
		A7FB50D026A843CA00D20F0F /* CelebrationAnimator.app */ = {isa = PBXFileReference; explicitFileType = wrapper.application; includeInIndex = 0; path = CelebrationAnimator.app; sourceTree = BUILT_PRODUCTS_DIR; };
		A7FB50D326A843CA00D20F0F /* AppDelegate.h */ = {isa = PBXFileReference; lastKnownFileType = sourcecode.c.h; path = AppDelegate.h; sourceTree = "<group>"; };
		A7FB50D426A843CA00D20F0F /* AppDelegate.m */ = {isa = PBXFileReference; lastKnownFileType = sourcecode.c.objc; path = AppDelegate.m; sourceTree = "<group>"; };
		A7FB50D626A843CA00D20F0F /* SceneDelegate.h */ = {isa = PBXFileReference; lastKnownFileType = sourcecode.c.h; path = SceneDelegate.h; sourceTree = "<group>"; };
		A7FB50D726A843CA00D20F0F /* SceneDelegate.m */ = {isa = PBXFileReference; lastKnownFileType = sourcecode.c.objc; path = SceneDelegate.m; sourceTree = "<group>"; };
		A7FB50D926A843CA00D20F0F /* ViewController.h */ = {isa = PBXFileReference; lastKnownFileType = sourcecode.c.h; path = ViewController.h; sourceTree = "<group>"; };
		A7FB50DA26A843CA00D20F0F /* ViewController.m */ = {isa = PBXFileReference; lastKnownFileType = sourcecode.c.objc; path = ViewController.m; sourceTree = "<group>"; };
		A7FB50DD26A843CA00D20F0F /* Base */ = {isa = PBXFileReference; lastKnownFileType = file.storyboard; name = Base; path = Base.lproj/Main.storyboard; sourceTree = "<group>"; };
		A7FB50DF26A843CB00D20F0F /* Assets.xcassets */ = {isa = PBXFileReference; lastKnownFileType = folder.assetcatalog; path = Assets.xcassets; sourceTree = "<group>"; };
		A7FB50E226A843CB00D20F0F /* Base */ = {isa = PBXFileReference; lastKnownFileType = file.storyboard; name = Base; path = Base.lproj/LaunchScreen.storyboard; sourceTree = "<group>"; };
		A7FB50E426A843CB00D20F0F /* Info.plist */ = {isa = PBXFileReference; lastKnownFileType = text.plist.xml; path = Info.plist; sourceTree = "<group>"; };
		A7FB50E526A843CB00D20F0F /* main.m */ = {isa = PBXFileReference; lastKnownFileType = sourcecode.c.objc; path = main.m; sourceTree = "<group>"; };
		A7FB50F326A844FD00D20F0F /* CelebrationAnimatorFramework.framework */ = {isa = PBXFileReference; explicitFileType = wrapper.framework; includeInIndex = 0; path = CelebrationAnimatorFramework.framework; sourceTree = BUILT_PRODUCTS_DIR; };
		A7FB50F526A844FD00D20F0F /* CelebrationAnimatorFramework.h */ = {isa = PBXFileReference; lastKnownFileType = sourcecode.c.h; path = CelebrationAnimatorFramework.h; sourceTree = "<group>"; };
		A7FB50F626A844FD00D20F0F /* Info.plist */ = {isa = PBXFileReference; lastKnownFileType = text.plist.xml; path = Info.plist; sourceTree = "<group>"; };
		A7FB510026A845A100D20F0F /* HelloLogger.h */ = {isa = PBXFileReference; lastKnownFileType = sourcecode.c.h; path = HelloLogger.h; sourceTree = "<group>"; };
		A7FB510126A845A100D20F0F /* HelloLogger.m */ = {isa = PBXFileReference; lastKnownFileType = sourcecode.c.objc; path = HelloLogger.m; sourceTree = "<group>"; };
		A7FB510826A849BD00D20F0F /* CelebrationAnimatorSwift.app */ = {isa = PBXFileReference; explicitFileType = wrapper.application; includeInIndex = 0; path = CelebrationAnimatorSwift.app; sourceTree = BUILT_PRODUCTS_DIR; };
		A7FB510A26A849BD00D20F0F /* AppDelegate.swift */ = {isa = PBXFileReference; lastKnownFileType = sourcecode.swift; path = AppDelegate.swift; sourceTree = "<group>"; };
		A7FB510C26A849BD00D20F0F /* SceneDelegate.swift */ = {isa = PBXFileReference; lastKnownFileType = sourcecode.swift; path = SceneDelegate.swift; sourceTree = "<group>"; };
		A7FB510E26A849BD00D20F0F /* ViewController.swift */ = {isa = PBXFileReference; lastKnownFileType = sourcecode.swift; path = ViewController.swift; sourceTree = "<group>"; };
		A7FB511126A849BD00D20F0F /* Base */ = {isa = PBXFileReference; lastKnownFileType = file.storyboard; name = Base; path = Base.lproj/Main.storyboard; sourceTree = "<group>"; };
		A7FB511326A849BF00D20F0F /* Assets.xcassets */ = {isa = PBXFileReference; lastKnownFileType = folder.assetcatalog; path = Assets.xcassets; sourceTree = "<group>"; };
		A7FB511626A849BF00D20F0F /* Base */ = {isa = PBXFileReference; lastKnownFileType = file.storyboard; name = Base; path = Base.lproj/LaunchScreen.storyboard; sourceTree = "<group>"; };
		A7FB511826A849BF00D20F0F /* Info.plist */ = {isa = PBXFileReference; lastKnownFileType = text.plist.xml; path = Info.plist; sourceTree = "<group>"; };
/* End PBXFileReference section */

/* Begin PBXFrameworksBuildPhase section */
		A7FB50CD26A843CA00D20F0F /* Frameworks */ = {
			isa = PBXFrameworksBuildPhase;
			buildActionMask = 2147483647;
			files = (
				A7D0FF6926AEFEC000963C74 /* CelebrationAnimatorFramework.framework in Frameworks */,
			);
			runOnlyForDeploymentPostprocessing = 0;
		};
		A7FB50F026A844FD00D20F0F /* Frameworks */ = {
			isa = PBXFrameworksBuildPhase;
			buildActionMask = 2147483647;
			files = (
			);
			runOnlyForDeploymentPostprocessing = 0;
		};
		A7FB510526A849BD00D20F0F /* Frameworks */ = {
			isa = PBXFrameworksBuildPhase;
			buildActionMask = 2147483647;
			files = (
			);
			runOnlyForDeploymentPostprocessing = 0;
		};
/* End PBXFrameworksBuildPhase section */

/* Begin PBXGroup section */
		A74B820F26AB0F6B002459F6 /* Object Animation */ = {
			isa = PBXGroup;
			children = (
				A74B821026AB0F7C002459F6 /* ObjectAnimated.h */,
				A74B821126AB0F7C002459F6 /* ObjectAnimated.m */,
			);
			path = "Object Animation";
			sourceTree = "<group>";
		};
		A74B821426AB1045002459F6 /* Animation Controll */ = {
			isa = PBXGroup;
			children = (
				A74B821526AB1058002459F6 /* CelebrationAnimator.h */,
				A74B821626AB1058002459F6 /* CelebrationAnimator.m */,
			);
			path = "Animation Controll";
			sourceTree = "<group>";
		};
		A74B821926AEEF50002459F6 /* Animation */ = {
			isa = PBXGroup;
			children = (
				A74B821A26AEEF6C002459F6 /* AnimatorClass.h */,
				A74B821B26AEEF6C002459F6 /* AnimatorClass.m */,
			);
			path = Animation;
			sourceTree = "<group>";
		};
		A74B821E26AEEF9F002459F6 /* Draftsman */ = {
			isa = PBXGroup;
			children = (
				A74B821F26AEF032002459F6 /* DrawingClass.h */,
				A74B822026AEF032002459F6 /* DrawingClass.m */,
			);
			path = Draftsman;
			sourceTree = "<group>";
		};
		A7D0FF6826AEFEC000963C74 /* Frameworks */ = {
			isa = PBXGroup;
			children = (
			);
			name = Frameworks;
			sourceTree = "<group>";
		};
		A7FB50C726A843CA00D20F0F = {
			isa = PBXGroup;
			children = (
				A7FB50D226A843CA00D20F0F /* CelebrationAnimator */,
				A7FB510926A849BD00D20F0F /* CelebrationAnimatorSwift */,
				A7FB50F426A844FD00D20F0F /* CelebrationAnimatorFramework */,
				A7FB50D126A843CA00D20F0F /* Products */,
				A7D0FF6826AEFEC000963C74 /* Frameworks */,
			);
			sourceTree = "<group>";
		};
		A7FB50D126A843CA00D20F0F /* Products */ = {
			isa = PBXGroup;
			children = (
				A7FB50D026A843CA00D20F0F /* CelebrationAnimator.app */,
				A7FB50F326A844FD00D20F0F /* CelebrationAnimatorFramework.framework */,
				A7FB510826A849BD00D20F0F /* CelebrationAnimatorSwift.app */,
			);
			name = Products;
			sourceTree = "<group>";
		};
		A7FB50D226A843CA00D20F0F /* CelebrationAnimator */ = {
			isa = PBXGroup;
			children = (
				A7FB50ED26A843F900D20F0F /* Controller */,
				A7FB50EC26A843E600D20F0F /* Config */,
				A7FB50DC26A843CA00D20F0F /* Main.storyboard */,
				A7FB50DF26A843CB00D20F0F /* Assets.xcassets */,
				A7FB50E126A843CB00D20F0F /* LaunchScreen.storyboard */,
				A7FB50E426A843CB00D20F0F /* Info.plist */,
				A7FB50E526A843CB00D20F0F /* main.m */,
			);
			path = CelebrationAnimator;
			sourceTree = "<group>";
		};
		A7FB50EC26A843E600D20F0F /* Config */ = {
			isa = PBXGroup;
			children = (
				A7FB50D326A843CA00D20F0F /* AppDelegate.h */,
				A7FB50D426A843CA00D20F0F /* AppDelegate.m */,
				A7FB50D626A843CA00D20F0F /* SceneDelegate.h */,
				A7FB50D726A843CA00D20F0F /* SceneDelegate.m */,
			);
			path = Config;
			sourceTree = "<group>";
		};
		A7FB50ED26A843F900D20F0F /* Controller */ = {
			isa = PBXGroup;
			children = (
				A7FB50D926A843CA00D20F0F /* ViewController.h */,
				A7FB50DA26A843CA00D20F0F /* ViewController.m */,
			);
			path = Controller;
			sourceTree = "<group>";
		};
		A7FB50F426A844FD00D20F0F /* CelebrationAnimatorFramework */ = {
			isa = PBXGroup;
			children = (
				A74B821E26AEEF9F002459F6 /* Draftsman */,
				A74B821926AEEF50002459F6 /* Animation */,
				A74B821426AB1045002459F6 /* Animation Controll */,
				A74B820F26AB0F6B002459F6 /* Object Animation */,
				A7FB50F526A844FD00D20F0F /* CelebrationAnimatorFramework.h */,
				A7FB50F626A844FD00D20F0F /* Info.plist */,
				A7FB510026A845A100D20F0F /* HelloLogger.h */,
				A7FB510126A845A100D20F0F /* HelloLogger.m */,
			);
			path = CelebrationAnimatorFramework;
			sourceTree = "<group>";
		};
		A7FB510926A849BD00D20F0F /* CelebrationAnimatorSwift */ = {
			isa = PBXGroup;
			children = (
				A7FB510A26A849BD00D20F0F /* AppDelegate.swift */,
				A7FB510C26A849BD00D20F0F /* SceneDelegate.swift */,
				A7FB510E26A849BD00D20F0F /* ViewController.swift */,
				A7FB511026A849BD00D20F0F /* Main.storyboard */,
				A7FB511326A849BF00D20F0F /* Assets.xcassets */,
				A7FB511526A849BF00D20F0F /* LaunchScreen.storyboard */,
				A7FB511826A849BF00D20F0F /* Info.plist */,
			);
			path = CelebrationAnimatorSwift;
			sourceTree = "<group>";
		};
/* End PBXGroup section */

/* Begin PBXHeadersBuildPhase section */
		A7FB50EE26A844FD00D20F0F /* Headers */ = {
			isa = PBXHeadersBuildPhase;
			buildActionMask = 2147483647;
			files = (
				A7FB50F726A844FD00D20F0F /* CelebrationAnimatorFramework.h in Headers */,
				A7FB510226A845A100D20F0F /* HelloLogger.h in Headers */,
				A74B821C26AEEF6C002459F6 /* AnimatorClass.h in Headers */,
				A74B822126AEF032002459F6 /* DrawingClass.h in Headers */,
				A7D0FF6A26AF001800963C74 /* ObjectAnimated.h in Headers */,
				A74B821726AB1058002459F6 /* CelebrationAnimator.h in Headers */,
			);
			runOnlyForDeploymentPostprocessing = 0;
		};
/* End PBXHeadersBuildPhase section */

/* Begin PBXNativeTarget section */
		A7FB50CF26A843CA00D20F0F /* CelebrationAnimator */ = {
			isa = PBXNativeTarget;
			buildConfigurationList = A7FB50E926A843CB00D20F0F /* Build configuration list for PBXNativeTarget "CelebrationAnimator" */;
			buildPhases = (
				A7FB50CC26A843CA00D20F0F /* Sources */,
				A7FB50CD26A843CA00D20F0F /* Frameworks */,
				A7FB50CE26A843CA00D20F0F /* Resources */,
				A7FB50FF26A844FD00D20F0F /* Embed Frameworks */,
			);
			buildRules = (
			);
			dependencies = (
				A7D0FF6726AEFEB800963C74 /* PBXTargetDependency */,
			);
			name = CelebrationAnimator;
			productName = CelebrationAnimator;
			productReference = A7FB50D026A843CA00D20F0F /* CelebrationAnimator.app */;
			productType = "com.apple.product-type.application";
		};
		A7FB50F226A844FD00D20F0F /* CelebrationAnimatorFramework */ = {
			isa = PBXNativeTarget;
			buildConfigurationList = A7FB50FC26A844FD00D20F0F /* Build configuration list for PBXNativeTarget "CelebrationAnimatorFramework" */;
			buildPhases = (
				A7FB50EE26A844FD00D20F0F /* Headers */,
				A7FB50EF26A844FD00D20F0F /* Sources */,
				A7FB50F026A844FD00D20F0F /* Frameworks */,
				A7FB50F126A844FD00D20F0F /* Resources */,
			);
			buildRules = (
			);
			dependencies = (
			);
			name = CelebrationAnimatorFramework;
			productName = CelebrationAnimatorFramework;
			productReference = A7FB50F326A844FD00D20F0F /* CelebrationAnimatorFramework.framework */;
			productType = "com.apple.product-type.framework";
		};
		A7FB510726A849BD00D20F0F /* CelebrationAnimatorSwift */ = {
			isa = PBXNativeTarget;
			buildConfigurationList = A7FB511926A849BF00D20F0F /* Build configuration list for PBXNativeTarget "CelebrationAnimatorSwift" */;
			buildPhases = (
				A7FB510426A849BD00D20F0F /* Sources */,
				A7FB510526A849BD00D20F0F /* Frameworks */,
				A7FB510626A849BD00D20F0F /* Resources */,
			);
			buildRules = (
			);
			dependencies = (
			);
			name = CelebrationAnimatorSwift;
			productName = CelebrationAnimatorSwift;
			productReference = A7FB510826A849BD00D20F0F /* CelebrationAnimatorSwift.app */;
			productType = "com.apple.product-type.application";
		};
/* End PBXNativeTarget section */

/* Begin PBXProject section */
		A7FB50C826A843CA00D20F0F /* Project object */ = {
			isa = PBXProject;
			attributes = {
				LastSwiftUpdateCheck = 1250;
				LastUpgradeCheck = 1250;
				TargetAttributes = {
					A7FB50CF26A843CA00D20F0F = {
						CreatedOnToolsVersion = 12.5.1;
					};
					A7FB50F226A844FD00D20F0F = {
						CreatedOnToolsVersion = 12.5.1;
					};
					A7FB510726A849BD00D20F0F = {
						CreatedOnToolsVersion = 12.5.1;
					};
				};
			};
			buildConfigurationList = A7FB50CB26A843CA00D20F0F /* Build configuration list for PBXProject "CelebrationAnimator" */;
			compatibilityVersion = "Xcode 9.3";
			developmentRegion = en;
			hasScannedForEncodings = 0;
			knownRegions = (
				en,
				Base,
			);
			mainGroup = A7FB50C726A843CA00D20F0F;
			productRefGroup = A7FB50D126A843CA00D20F0F /* Products */;
			projectDirPath = "";
			projectRoot = "";
			targets = (
				A7FB50CF26A843CA00D20F0F /* CelebrationAnimator */,
				A7FB50F226A844FD00D20F0F /* CelebrationAnimatorFramework */,
				A7FB510726A849BD00D20F0F /* CelebrationAnimatorSwift */,
			);
		};
/* End PBXProject section */

/* Begin PBXResourcesBuildPhase section */
		A7FB50CE26A843CA00D20F0F /* Resources */ = {
			isa = PBXResourcesBuildPhase;
			buildActionMask = 2147483647;
			files = (
				A7FB50E326A843CB00D20F0F /* LaunchScreen.storyboard in Resources */,
				A7FB50E026A843CB00D20F0F /* Assets.xcassets in Resources */,
				A7FB50DE26A843CA00D20F0F /* Main.storyboard in Resources */,
			);
			runOnlyForDeploymentPostprocessing = 0;
		};
		A7FB50F126A844FD00D20F0F /* Resources */ = {
			isa = PBXResourcesBuildPhase;
			buildActionMask = 2147483647;
			files = (
			);
			runOnlyForDeploymentPostprocessing = 0;
		};
		A7FB510626A849BD00D20F0F /* Resources */ = {
			isa = PBXResourcesBuildPhase;
			buildActionMask = 2147483647;
			files = (
				A7FB511726A849BF00D20F0F /* LaunchScreen.storyboard in Resources */,
				A7FB511426A849BF00D20F0F /* Assets.xcassets in Resources */,
				A7FB511226A849BD00D20F0F /* Main.storyboard in Resources */,
			);
			runOnlyForDeploymentPostprocessing = 0;
		};
/* End PBXResourcesBuildPhase section */

/* Begin PBXSourcesBuildPhase section */
		A7FB50CC26A843CA00D20F0F /* Sources */ = {
			isa = PBXSourcesBuildPhase;
			buildActionMask = 2147483647;
			files = (
				A7FB50DB26A843CA00D20F0F /* ViewController.m in Sources */,
				A7FB50D526A843CA00D20F0F /* AppDelegate.m in Sources */,
				A7FB50E626A843CB00D20F0F /* main.m in Sources */,
				A7FB50D826A843CA00D20F0F /* SceneDelegate.m in Sources */,
			);
			runOnlyForDeploymentPostprocessing = 0;
		};
		A7FB50EF26A844FD00D20F0F /* Sources */ = {
			isa = PBXSourcesBuildPhase;
			buildActionMask = 2147483647;
			files = (
				A7D0FF6B26AF008000963C74 /* CelebrationAnimatorFramework.h in Sources */,
				A7FB510326A845A100D20F0F /* HelloLogger.m in Sources */,
				A74B821826AB1058002459F6 /* CelebrationAnimator.m in Sources */,
				A74B821326AB0F7C002459F6 /* ObjectAnimated.m in Sources */,
				A74B821D26AEEF6C002459F6 /* AnimatorClass.m in Sources */,
				A74B822226AEF032002459F6 /* DrawingClass.m in Sources */,
			);
			runOnlyForDeploymentPostprocessing = 0;
		};
		A7FB510426A849BD00D20F0F /* Sources */ = {
			isa = PBXSourcesBuildPhase;
			buildActionMask = 2147483647;
			files = (
				A7FB510F26A849BD00D20F0F /* ViewController.swift in Sources */,
				A7FB510B26A849BD00D20F0F /* AppDelegate.swift in Sources */,
				A7FB510D26A849BD00D20F0F /* SceneDelegate.swift in Sources */,
			);
			runOnlyForDeploymentPostprocessing = 0;
		};
/* End PBXSourcesBuildPhase section */

/* Begin PBXTargetDependency section */
		A7D0FF6726AEFEB800963C74 /* PBXTargetDependency */ = {
			isa = PBXTargetDependency;
			target = A7FB50F226A844FD00D20F0F /* CelebrationAnimatorFramework */;
			targetProxy = A7D0FF6626AEFEB800963C74 /* PBXContainerItemProxy */;
		};
/* End PBXTargetDependency section */

/* Begin PBXVariantGroup section */
		A7FB50DC26A843CA00D20F0F /* Main.storyboard */ = {
			isa = PBXVariantGroup;
			children = (
				A7FB50DD26A843CA00D20F0F /* Base */,
			);
			name = Main.storyboard;
			sourceTree = "<group>";
		};
		A7FB50E126A843CB00D20F0F /* LaunchScreen.storyboard */ = {
			isa = PBXVariantGroup;
			children = (
				A7FB50E226A843CB00D20F0F /* Base */,
			);
			name = LaunchScreen.storyboard;
			sourceTree = "<group>";
		};
		A7FB511026A849BD00D20F0F /* Main.storyboard */ = {
			isa = PBXVariantGroup;
			children = (
				A7FB511126A849BD00D20F0F /* Base */,
			);
			name = Main.storyboard;
			sourceTree = "<group>";
		};
		A7FB511526A849BF00D20F0F /* LaunchScreen.storyboard */ = {
			isa = PBXVariantGroup;
			children = (
				A7FB511626A849BF00D20F0F /* Base */,
			);
			name = LaunchScreen.storyboard;
			sourceTree = "<group>";
		};
/* End PBXVariantGroup section */

/* Begin XCBuildConfiguration section */
		A7FB50E726A843CB00D20F0F /* Debug */ = {
			isa = XCBuildConfiguration;
			buildSettings = {
				ALWAYS_SEARCH_USER_PATHS = NO;
				CLANG_ANALYZER_NONNULL = YES;
				CLANG_ANALYZER_NUMBER_OBJECT_CONVERSION = YES_AGGRESSIVE;
				CLANG_CXX_LANGUAGE_STANDARD = "gnu++14";
				CLANG_CXX_LIBRARY = "libc++";
				CLANG_ENABLE_MODULES = YES;
				CLANG_ENABLE_OBJC_ARC = YES;
				CLANG_ENABLE_OBJC_WEAK = YES;
				CLANG_WARN_BLOCK_CAPTURE_AUTORELEASING = YES;
				CLANG_WARN_BOOL_CONVERSION = YES;
				CLANG_WARN_COMMA = YES;
				CLANG_WARN_CONSTANT_CONVERSION = YES;
				CLANG_WARN_DEPRECATED_OBJC_IMPLEMENTATIONS = YES;
				CLANG_WARN_DIRECT_OBJC_ISA_USAGE = YES_ERROR;
				CLANG_WARN_DOCUMENTATION_COMMENTS = YES;
				CLANG_WARN_EMPTY_BODY = YES;
				CLANG_WARN_ENUM_CONVERSION = YES;
				CLANG_WARN_INFINITE_RECURSION = YES;
				CLANG_WARN_INT_CONVERSION = YES;
				CLANG_WARN_NON_LITERAL_NULL_CONVERSION = YES;
				CLANG_WARN_OBJC_IMPLICIT_RETAIN_SELF = YES;
				CLANG_WARN_OBJC_LITERAL_CONVERSION = YES;
				CLANG_WARN_OBJC_ROOT_CLASS = YES_ERROR;
				CLANG_WARN_QUOTED_INCLUDE_IN_FRAMEWORK_HEADER = YES;
				CLANG_WARN_RANGE_LOOP_ANALYSIS = YES;
				CLANG_WARN_STRICT_PROTOTYPES = YES;
				CLANG_WARN_SUSPICIOUS_MOVE = YES;
				CLANG_WARN_UNGUARDED_AVAILABILITY = YES_AGGRESSIVE;
				CLANG_WARN_UNREACHABLE_CODE = YES;
				CLANG_WARN__DUPLICATE_METHOD_MATCH = YES;
				COPY_PHASE_STRIP = NO;
				DEBUG_INFORMATION_FORMAT = dwarf;
				ENABLE_STRICT_OBJC_MSGSEND = YES;
				ENABLE_TESTABILITY = YES;
				GCC_C_LANGUAGE_STANDARD = gnu11;
				GCC_DYNAMIC_NO_PIC = NO;
				GCC_NO_COMMON_BLOCKS = YES;
				GCC_OPTIMIZATION_LEVEL = 0;
				GCC_PREPROCESSOR_DEFINITIONS = (
					"DEBUG=1",
					"$(inherited)",
				);
				GCC_WARN_64_TO_32_BIT_CONVERSION = YES;
				GCC_WARN_ABOUT_RETURN_TYPE = YES_ERROR;
				GCC_WARN_UNDECLARED_SELECTOR = YES;
				GCC_WARN_UNINITIALIZED_AUTOS = YES_AGGRESSIVE;
				GCC_WARN_UNUSED_FUNCTION = YES;
				GCC_WARN_UNUSED_VARIABLE = YES;
				IPHONEOS_DEPLOYMENT_TARGET = 14.4;
				MTL_ENABLE_DEBUG_INFO = INCLUDE_SOURCE;
				MTL_FAST_MATH = YES;
				ONLY_ACTIVE_ARCH = YES;
				SDKROOT = iphoneos;
			};
			name = Debug;
		};
		A7FB50E826A843CB00D20F0F /* Release */ = {
			isa = XCBuildConfiguration;
			buildSettings = {
				ALWAYS_SEARCH_USER_PATHS = NO;
				CLANG_ANALYZER_NONNULL = YES;
				CLANG_ANALYZER_NUMBER_OBJECT_CONVERSION = YES_AGGRESSIVE;
				CLANG_CXX_LANGUAGE_STANDARD = "gnu++14";
				CLANG_CXX_LIBRARY = "libc++";
				CLANG_ENABLE_MODULES = YES;
				CLANG_ENABLE_OBJC_ARC = YES;
				CLANG_ENABLE_OBJC_WEAK = YES;
				CLANG_WARN_BLOCK_CAPTURE_AUTORELEASING = YES;
				CLANG_WARN_BOOL_CONVERSION = YES;
				CLANG_WARN_COMMA = YES;
				CLANG_WARN_CONSTANT_CONVERSION = YES;
				CLANG_WARN_DEPRECATED_OBJC_IMPLEMENTATIONS = YES;
				CLANG_WARN_DIRECT_OBJC_ISA_USAGE = YES_ERROR;
				CLANG_WARN_DOCUMENTATION_COMMENTS = YES;
				CLANG_WARN_EMPTY_BODY = YES;
				CLANG_WARN_ENUM_CONVERSION = YES;
				CLANG_WARN_INFINITE_RECURSION = YES;
				CLANG_WARN_INT_CONVERSION = YES;
				CLANG_WARN_NON_LITERAL_NULL_CONVERSION = YES;
				CLANG_WARN_OBJC_IMPLICIT_RETAIN_SELF = YES;
				CLANG_WARN_OBJC_LITERAL_CONVERSION = YES;
				CLANG_WARN_OBJC_ROOT_CLASS = YES_ERROR;
				CLANG_WARN_QUOTED_INCLUDE_IN_FRAMEWORK_HEADER = YES;
				CLANG_WARN_RANGE_LOOP_ANALYSIS = YES;
				CLANG_WARN_STRICT_PROTOTYPES = YES;
				CLANG_WARN_SUSPICIOUS_MOVE = YES;
				CLANG_WARN_UNGUARDED_AVAILABILITY = YES_AGGRESSIVE;
				CLANG_WARN_UNREACHABLE_CODE = YES;
				CLANG_WARN__DUPLICATE_METHOD_MATCH = YES;
				COPY_PHASE_STRIP = NO;
				DEBUG_INFORMATION_FORMAT = "dwarf-with-dsym";
				ENABLE_NS_ASSERTIONS = NO;
				ENABLE_STRICT_OBJC_MSGSEND = YES;
				GCC_C_LANGUAGE_STANDARD = gnu11;
				GCC_NO_COMMON_BLOCKS = YES;
				GCC_WARN_64_TO_32_BIT_CONVERSION = YES;
				GCC_WARN_ABOUT_RETURN_TYPE = YES_ERROR;
				GCC_WARN_UNDECLARED_SELECTOR = YES;
				GCC_WARN_UNINITIALIZED_AUTOS = YES_AGGRESSIVE;
				GCC_WARN_UNUSED_FUNCTION = YES;
				GCC_WARN_UNUSED_VARIABLE = YES;
				IPHONEOS_DEPLOYMENT_TARGET = 14.4;
				MTL_ENABLE_DEBUG_INFO = NO;
				MTL_FAST_MATH = YES;
				SDKROOT = iphoneos;
				VALIDATE_PRODUCT = YES;
			};
			name = Release;
		};
		A7FB50EA26A843CB00D20F0F /* Debug */ = {
			isa = XCBuildConfiguration;
			buildSettings = {
				ASSETCATALOG_COMPILER_APPICON_NAME = AppIcon;
				ASSETCATALOG_COMPILER_GLOBAL_ACCENT_COLOR_NAME = AccentColor;
				CODE_SIGN_STYLE = Automatic;
				DEVELOPMENT_TEAM = 38KM4K4A3R;
				INFOPLIST_FILE = CelebrationAnimator/Info.plist;
				LD_RUNPATH_SEARCH_PATHS = (
					"$(inherited)",
					"@executable_path/Frameworks",
				);
				PRODUCT_BUNDLE_IDENTIFIER = com.leoGomes.CelebrationAnimator;
				PRODUCT_NAME = "$(TARGET_NAME)";
				TARGETED_DEVICE_FAMILY = "1,2";
			};
			name = Debug;
		};
		A7FB50EB26A843CB00D20F0F /* Release */ = {
			isa = XCBuildConfiguration;
			buildSettings = {
				ASSETCATALOG_COMPILER_APPICON_NAME = AppIcon;
				ASSETCATALOG_COMPILER_GLOBAL_ACCENT_COLOR_NAME = AccentColor;
				CODE_SIGN_STYLE = Automatic;
				DEVELOPMENT_TEAM = 38KM4K4A3R;
				INFOPLIST_FILE = CelebrationAnimator/Info.plist;
				LD_RUNPATH_SEARCH_PATHS = (
					"$(inherited)",
					"@executable_path/Frameworks",
				);
				PRODUCT_BUNDLE_IDENTIFIER = com.leoGomes.CelebrationAnimator;
				PRODUCT_NAME = "$(TARGET_NAME)";
				TARGETED_DEVICE_FAMILY = "1,2";
			};
			name = Release;
		};
		A7FB50FD26A844FD00D20F0F /* Debug */ = {
			isa = XCBuildConfiguration;
			buildSettings = {
				CODE_SIGN_STYLE = Automatic;
				CURRENT_PROJECT_VERSION = 1;
				DEFINES_MODULE = YES;
				DEVELOPMENT_TEAM = 38KM4K4A3R;
				DYLIB_COMPATIBILITY_VERSION = 1;
				DYLIB_CURRENT_VERSION = 1;
				DYLIB_INSTALL_NAME_BASE = "@rpath";
				INFOPLIST_FILE = CelebrationAnimatorFramework/Info.plist;
				INSTALL_PATH = "$(LOCAL_LIBRARY_DIR)/Frameworks";
				LD_RUNPATH_SEARCH_PATHS = (
					"$(inherited)",
					"@executable_path/Frameworks",
					"@loader_path/Frameworks",
				);
				PRODUCT_BUNDLE_IDENTIFIER = com.leoGomes.CelebrationAnimatorFramework;
				PRODUCT_NAME = "$(TARGET_NAME:c99extidentifier)";
				SKIP_INSTALL = YES;
				TARGETED_DEVICE_FAMILY = "1,2";
				VERSIONING_SYSTEM = "apple-generic";
				VERSION_INFO_PREFIX = "";
			};
			name = Debug;
		};
		A7FB50FE26A844FD00D20F0F /* Release */ = {
			isa = XCBuildConfiguration;
			buildSettings = {
				CODE_SIGN_STYLE = Automatic;
				CURRENT_PROJECT_VERSION = 1;
				DEFINES_MODULE = YES;
				DEVELOPMENT_TEAM = 38KM4K4A3R;
				DYLIB_COMPATIBILITY_VERSION = 1;
				DYLIB_CURRENT_VERSION = 1;
				DYLIB_INSTALL_NAME_BASE = "@rpath";
				INFOPLIST_FILE = CelebrationAnimatorFramework/Info.plist;
				INSTALL_PATH = "$(LOCAL_LIBRARY_DIR)/Frameworks";
				LD_RUNPATH_SEARCH_PATHS = (
					"$(inherited)",
					"@executable_path/Frameworks",
					"@loader_path/Frameworks",
				);
				PRODUCT_BUNDLE_IDENTIFIER = com.leoGomes.CelebrationAnimatorFramework;
				PRODUCT_NAME = "$(TARGET_NAME:c99extidentifier)";
				SKIP_INSTALL = YES;
				TARGETED_DEVICE_FAMILY = "1,2";
				VERSIONING_SYSTEM = "apple-generic";
				VERSION_INFO_PREFIX = "";
			};
			name = Release;
		};
		A7FB511A26A849BF00D20F0F /* Debug */ = {
			isa = XCBuildConfiguration;
			buildSettings = {
				ASSETCATALOG_COMPILER_APPICON_NAME = AppIcon;
				ASSETCATALOG_COMPILER_GLOBAL_ACCENT_COLOR_NAME = AccentColor;
				CODE_SIGN_STYLE = Automatic;
				DEVELOPMENT_TEAM = 38KM4K4A3R;
				INFOPLIST_FILE = CelebrationAnimatorSwift/Info.plist;
				LD_RUNPATH_SEARCH_PATHS = (
					"$(inherited)",
					"@executable_path/Frameworks",
				);
				PRODUCT_BUNDLE_IDENTIFIER = com.leoGomes.CelebrationAnimatorSwift;
				PRODUCT_NAME = "$(TARGET_NAME)";
				SWIFT_ACTIVE_COMPILATION_CONDITIONS = DEBUG;
				SWIFT_OPTIMIZATION_LEVEL = "-Onone";
				SWIFT_VERSION = 5.0;
				TARGETED_DEVICE_FAMILY = "1,2";
			};
			name = Debug;
		};
		A7FB511B26A849BF00D20F0F /* Release */ = {
			isa = XCBuildConfiguration;
			buildSettings = {
				ASSETCATALOG_COMPILER_APPICON_NAME = AppIcon;
				ASSETCATALOG_COMPILER_GLOBAL_ACCENT_COLOR_NAME = AccentColor;
				CODE_SIGN_STYLE = Automatic;
				DEVELOPMENT_TEAM = 38KM4K4A3R;
				INFOPLIST_FILE = CelebrationAnimatorSwift/Info.plist;
				LD_RUNPATH_SEARCH_PATHS = (
					"$(inherited)",
					"@executable_path/Frameworks",
				);
				PRODUCT_BUNDLE_IDENTIFIER = com.leoGomes.CelebrationAnimatorSwift;
				PRODUCT_NAME = "$(TARGET_NAME)";
				SWIFT_COMPILATION_MODE = wholemodule;
				SWIFT_OPTIMIZATION_LEVEL = "-O";
				SWIFT_VERSION = 5.0;
				TARGETED_DEVICE_FAMILY = "1,2";
			};
			name = Release;
		};
/* End XCBuildConfiguration section */

/* Begin XCConfigurationList section */
		A7FB50CB26A843CA00D20F0F /* Build configuration list for PBXProject "CelebrationAnimator" */ = {
			isa = XCConfigurationList;
			buildConfigurations = (
				A7FB50E726A843CB00D20F0F /* Debug */,
				A7FB50E826A843CB00D20F0F /* Release */,
			);
			defaultConfigurationIsVisible = 0;
			defaultConfigurationName = Release;
		};
		A7FB50E926A843CB00D20F0F /* Build configuration list for PBXNativeTarget "CelebrationAnimator" */ = {
			isa = XCConfigurationList;
			buildConfigurations = (
				A7FB50EA26A843CB00D20F0F /* Debug */,
				A7FB50EB26A843CB00D20F0F /* Release */,
			);
			defaultConfigurationIsVisible = 0;
			defaultConfigurationName = Release;
		};
		A7FB50FC26A844FD00D20F0F /* Build configuration list for PBXNativeTarget "CelebrationAnimatorFramework" */ = {
			isa = XCConfigurationList;
			buildConfigurations = (
				A7FB50FD26A844FD00D20F0F /* Debug */,
				A7FB50FE26A844FD00D20F0F /* Release */,
			);
			defaultConfigurationIsVisible = 0;
			defaultConfigurationName = Release;
		};
		A7FB511926A849BF00D20F0F /* Build configuration list for PBXNativeTarget "CelebrationAnimatorSwift" */ = {
			isa = XCConfigurationList;
			buildConfigurations = (
				A7FB511A26A849BF00D20F0F /* Debug */,
				A7FB511B26A849BF00D20F0F /* Release */,
			);
			defaultConfigurationIsVisible = 0;
			defaultConfigurationName = Release;
		};
/* End XCConfigurationList section */
	};
	rootObject = A7FB50C826A843CA00D20F0F /* Project object */;
}
